// !$*UTF8*$!
{
	archiveVersion = 1;
	classes = {
	};
	objectVersion = 46;
	objects = {

/* Begin PBXBuildFile section */
		D02CD2AA1E21326A0078CE92 /* AppDelegate.swift in Sources */ = {isa = PBXBuildFile; fileRef = D02CD2A91E21326A0078CE92 /* AppDelegate.swift */; };
		D02CD2AC1E21326A0078CE92 /* ViewController.swift in Sources */ = {isa = PBXBuildFile; fileRef = D02CD2AB1E21326A0078CE92 /* ViewController.swift */; };
		D02CD2AF1E21326A0078CE92 /* Main.storyboard in Resources */ = {isa = PBXBuildFile; fileRef = D02CD2AD1E21326A0078CE92 /* Main.storyboard */; };
		D02CD2B11E21326A0078CE92 /* Assets.xcassets in Resources */ = {isa = PBXBuildFile; fileRef = D02CD2B01E21326A0078CE92 /* Assets.xcassets */; };
		D02CD2B41E21326A0078CE92 /* LaunchScreen.storyboard in Resources */ = {isa = PBXBuildFile; fileRef = D02CD2B21E21326A0078CE92 /* LaunchScreen.storyboard */; };
		D02CD2BF1E21326A0078CE92 /* MyPassedDataTests.swift in Sources */ = {isa = PBXBuildFile; fileRef = D02CD2BE1E21326A0078CE92 /* MyPassedDataTests.swift */; };
		D02CD2CA1E21326A0078CE92 /* MyPassedDataUITests.swift in Sources */ = {isa = PBXBuildFile; fileRef = D02CD2C91E21326A0078CE92 /* MyPassedDataUITests.swift */; };
/* End PBXBuildFile section */

/* Begin PBXContainerItemProxy section */
		D02CD2BB1E21326A0078CE92 /* PBXContainerItemProxy */ = {
			isa = PBXContainerItemProxy;
			containerPortal = D02CD29E1E2132690078CE92 /* Project object */;
			proxyType = 1;
			remoteGlobalIDString = D02CD2A51E2132690078CE92;
			remoteInfo = MyPassedData;
		};
		D02CD2C61E21326A0078CE92 /* PBXContainerItemProxy */ = {
			isa = PBXContainerItemProxy;
			containerPortal = D02CD29E1E2132690078CE92 /* Project object */;
			proxyType = 1;
			remoteGlobalIDString = D02CD2A51E2132690078CE92;
			remoteInfo = MyPassedData;
		};
/* End PBXContainerItemProxy section */

/* Begin PBXFileReference section */
		D02CD2A61E21326A0078CE92 /* MyPassedData.app */ = {isa = PBXFileReference; explicitFileType = wrapper.application; includeInIndex = 0; path = MyPassedData.app; sourceTree = BUILT_PRODUCTS_DIR; };
		D02CD2A91E21326A0078CE92 /* AppDelegate.swift */ = {isa = PBXFileReference; lastKnownFileType = sourcecode.swift; path = AppDelegate.swift; sourceTree = "<group>"; };
		D02CD2AB1E21326A0078CE92 /* ViewController.swift */ = {isa = PBXFileReference; lastKnownFileType = sourcecode.swift; path = ViewController.swift; sourceTree = "<group>"; };
		D02CD2AE1E21326A0078CE92 /* Base */ = {isa = PBXFileReference; lastKnownFileType = file.storyboard; name = Base; path = Base.lproj/Main.storyboard; sourceTree = "<group>"; };
		D02CD2B01E21326A0078CE92 /* Assets.xcassets */ = {isa = PBXFileReference; lastKnownFileType = folder.assetcatalog; path = Assets.xcassets; sourceTree = "<group>"; };
		D02CD2B31E21326A0078CE92 /* Base */ = {isa = PBXFileReference; lastKnownFileType = file.storyboard; name = Base; path = Base.lproj/LaunchScreen.storyboard; sourceTree = "<group>"; };
		D02CD2B51E21326A0078CE92 /* Info.plist */ = {isa = PBXFileReference; lastKnownFileType = text.plist.xml; path = Info.plist; sourceTree = "<group>"; };
		D02CD2BA1E21326A0078CE92 /* MyPassedDataTests.xctest */ = {isa = PBXFileReference; explicitFileType = wrapper.cfbundle; includeInIndex = 0; path = MyPassedDataTests.xctest; sourceTree = BUILT_PRODUCTS_DIR; };
		D02CD2BE1E21326A0078CE92 /* MyPassedDataTests.swift */ = {isa = PBXFileReference; lastKnownFileType = sourcecode.swift; path = MyPassedDataTests.swift; sourceTree = "<group>"; };
		D02CD2C01E21326A0078CE92 /* Info.plist */ = {isa = PBXFileReference; lastKnownFileType = text.plist.xml; path = Info.plist; sourceTree = "<group>"; };
		D02CD2C51E21326A0078CE92 /* MyPassedDataUITests.xctest */ = {isa = PBXFileReference; explicitFileType = wrapper.cfbundle; includeInIndex = 0; path = MyPassedDataUITests.xctest; sourceTree = BUILT_PRODUCTS_DIR; };
		D02CD2C91E21326A0078CE92 /* MyPassedDataUITests.swift */ = {isa = PBXFileReference; lastKnownFileType = sourcecode.swift; path = MyPassedDataUITests.swift; sourceTree = "<group>"; };
		D02CD2CB1E21326A0078CE92 /* Info.plist */ = {isa = PBXFileReference; lastKnownFileType = text.plist.xml; path = Info.plist; sourceTree = "<group>"; };
/* End PBXFileReference section */

/* Begin PBXFrameworksBuildPhase section */
		D02CD2A31E2132690078CE92 /* Frameworks */ = {
			isa = PBXFrameworksBuildPhase;
			buildActionMask = 2147483647;
			files = (
			);
			runOnlyForDeploymentPostprocessing = 0;
		};
		D02CD2B71E21326A0078CE92 /* Frameworks */ = {
			isa = PBXFrameworksBuildPhase;
			buildActionMask = 2147483647;
			files = (
			);
			runOnlyForDeploymentPostprocessing = 0;
		};
		D02CD2C21E21326A0078CE92 /* Frameworks */ = {
			isa = PBXFrameworksBuildPhase;
			buildActionMask = 2147483647;
			files = (
			);
			runOnlyForDeploymentPostprocessing = 0;
		};
/* End PBXFrameworksBuildPhase section */

/* Begin PBXGroup section */
		D02CD29D1E2132690078CE92 = {
			isa = PBXGroup;
			children = (
				D02CD2A81E21326A0078CE92 /* MyPassedData */,
				D02CD2BD1E21326A0078CE92 /* MyPassedDataTests */,
				D02CD2C81E21326A0078CE92 /* MyPassedDataUITests */,
				D02CD2A71E21326A0078CE92 /* Products */,
			);
			sourceTree = "<group>";
		};
		D02CD2A71E21326A0078CE92 /* Products */ = {
			isa = PBXGroup;
			children = (
				D02CD2A61E21326A0078CE92 /* MyPassedData.app */,
				D02CD2BA1E21326A0078CE92 /* MyPassedDataTests.xctest */,
				D02CD2C51E21326A0078CE92 /* MyPassedDataUITests.xctest */,
			);
			name = Products;
			sourceTree = "<group>";
		};
		D02CD2A81E21326A0078CE92 /* MyPassedData */ = {
			isa = PBXGroup;
			children = (
				D02CD2A91E21326A0078CE92 /* AppDelegate.swift */,
				D02CD2AB1E21326A0078CE92 /* ViewController.swift */,
				D02CD2AD1E21326A0078CE92 /* Main.storyboard */,
				D02CD2B01E21326A0078CE92 /* Assets.xcassets */,
				D02CD2B21E21326A0078CE92 /* LaunchScreen.storyboard */,
				D02CD2B51E21326A0078CE92 /* Info.plist */,
			);
			path = MyPassedData;
			sourceTree = "<group>";
		};
		D02CD2BD1E21326A0078CE92 /* MyPassedDataTests */ = {
			isa = PBXGroup;
			children = (
				D02CD2BE1E21326A0078CE92 /* MyPassedDataTests.swift */,
				D02CD2C01E21326A0078CE92 /* Info.plist */,
			);
			path = MyPassedDataTests;
			sourceTree = "<group>";
		};
		D02CD2C81E21326A0078CE92 /* MyPassedDataUITests */ = {
			isa = PBXGroup;
			children = (
				D02CD2C91E21326A0078CE92 /* MyPassedDataUITests.swift */,
				D02CD2CB1E21326A0078CE92 /* Info.plist */,
			);
			path = MyPassedDataUITests;
			sourceTree = "<group>";
		};
/* End PBXGroup section */

/* Begin PBXNativeTarget section */
		D02CD2A51E2132690078CE92 /* MyPassedData */ = {
			isa = PBXNativeTarget;
			buildConfigurationList = D02CD2CE1E21326A0078CE92 /* Build configuration list for PBXNativeTarget "MyPassedData" */;
			buildPhases = (
				D02CD2A21E2132690078CE92 /* Sources */,
				D02CD2A31E2132690078CE92 /* Frameworks */,
				D02CD2A41E2132690078CE92 /* Resources */,
			);
			buildRules = (
			);
			dependencies = (
			);
			name = MyPassedData;
			productName = MyPassedData;
			productReference = D02CD2A61E21326A0078CE92 /* MyPassedData.app */;
			productType = "com.apple.product-type.application";
		};
		D02CD2B91E21326A0078CE92 /* MyPassedDataTests */ = {
			isa = PBXNativeTarget;
			buildConfigurationList = D02CD2D11E21326A0078CE92 /* Build configuration list for PBXNativeTarget "MyPassedDataTests" */;
			buildPhases = (
				D02CD2B61E21326A0078CE92 /* Sources */,
				D02CD2B71E21326A0078CE92 /* Frameworks */,
				D02CD2B81E21326A0078CE92 /* Resources */,
			);
			buildRules = (
			);
			dependencies = (
				D02CD2BC1E21326A0078CE92 /* PBXTargetDependency */,
			);
			name = MyPassedDataTests;
			productName = MyPassedDataTests;
			productReference = D02CD2BA1E21326A0078CE92 /* MyPassedDataTests.xctest */;
			productType = "com.apple.product-type.bundle.unit-test";
		};
		D02CD2C41E21326A0078CE92 /* MyPassedDataUITests */ = {
			isa = PBXNativeTarget;
			buildConfigurationList = D02CD2D41E21326A0078CE92 /* Build configuration list for PBXNativeTarget "MyPassedDataUITests" */;
			buildPhases = (
				D02CD2C11E21326A0078CE92 /* Sources */,
				D02CD2C21E21326A0078CE92 /* Frameworks */,
				D02CD2C31E21326A0078CE92 /* Resources */,
			);
			buildRules = (
			);
			dependencies = (
				D02CD2C71E21326A0078CE92 /* PBXTargetDependency */,
			);
			name = MyPassedDataUITests;
			productName = MyPassedDataUITests;
			productReference = D02CD2C51E21326A0078CE92 /* MyPassedDataUITests.xctest */;
			productType = "com.apple.product-type.bundle.ui-testing";
		};
/* End PBXNativeTarget section */

/* Begin PBXProject section */
		D02CD29E1E2132690078CE92 /* Project object */ = {
			isa = PBXProject;
			attributes = {
				LastSwiftUpdateCheck = 0810;
				LastUpgradeCheck = 0810;
				ORGANIZATIONNAME = cybertrendzinc;
				TargetAttributes = {
					D02CD2A51E2132690078CE92 = {
						CreatedOnToolsVersion = 8.1;
						ProvisioningStyle = Automatic;
					};
					D02CD2B91E21326A0078CE92 = {
						CreatedOnToolsVersion = 8.1;
						ProvisioningStyle = Automatic;
						TestTargetID = D02CD2A51E2132690078CE92;
					};
					D02CD2C41E21326A0078CE92 = {
						CreatedOnToolsVersion = 8.1;
						ProvisioningStyle = Automatic;
						TestTargetID = D02CD2A51E2132690078CE92;
					};
				};
			};
			buildConfigurationList = D02CD2A11E2132690078CE92 /* Build configuration list for PBXProject "MyPassedData" */;
			compatibilityVersion = "Xcode 3.2";
			developmentRegion = English;
			hasScannedForEncodings = 0;
			knownRegions = (
				en,
				Base,
			);
			mainGroup = D02CD29D1E2132690078CE92;
			productRefGroup = D02CD2A71E21326A0078CE92 /* Products */;
			projectDirPath = "";
			projectRoot = "";
			targets = (
				D02CD2A51E2132690078CE92 /* MyPassedData */,
				D02CD2B91E21326A0078CE92 /* MyPassedDataTests */,
				D02CD2C41E21326A0078CE92 /* MyPassedDataUITests */,
			);
		};
/* End PBXProject section */

/* Begin PBXResourcesBuildPhase section */
		D02CD2A41E2132690078CE92 /* Resources */ = {
			isa = PBXResourcesBuildPhase;
			buildActionMask = 2147483647;
			files = (
				D02CD2B41E21326A0078CE92 /* LaunchScreen.storyboard in Resources */,
				D02CD2B11E21326A0078CE92 /* Assets.xcassets in Resources */,
				D02CD2AF1E21326A0078CE92 /* Main.storyboard in Resources */,
			);
			runOnlyForDeploymentPostprocessing = 0;
		};
		D02CD2B81E21326A0078CE92 /* Resources */ = {
			isa = PBXResourcesBuildPhase;
			buildActionMask = 2147483647;
			files = (
			);
			runOnlyForDeploymentPostprocessing = 0;
		};
		D02CD2C31E21326A0078CE92 /* Resources */ = {
			isa = PBXResourcesBuildPhase;
			buildActionMask = 2147483647;
			files = (
			);
			runOnlyForDeploymentPostprocessing = 0;
		};
/* End PBXResourcesBuildPhase section */

/* Begin PBXSourcesBuildPhase section */
		D02CD2A21E2132690078CE92 /* Sources */ = {
			isa = PBXSourcesBuildPhase;
			buildActionMask = 2147483647;
			files = (
				D02CD2AC1E21326A0078CE92 /* ViewController.swift in Sources */,
				D02CD2AA1E21326A0078CE92 /* AppDelegate.swift in Sources */,
			);
			runOnlyForDeploymentPostprocessing = 0;
		};
		D02CD2B61E21326A0078CE92 /* Sources */ = {
			isa = PBXSourcesBuildPhase;
			buildActionMask = 2147483647;
			files = (
				D02CD2BF1E21326A0078CE92 /* MyPassedDataTests.swift in Sources */,
			);
			runOnlyForDeploymentPostprocessing = 0;
		};
		D02CD2C11E21326A0078CE92 /* Sources */ = {
			isa = PBXSourcesBuildPhase;
			buildActionMask = 2147483647;
			files = (
				D02CD2CA1E21326A0078CE92 /* MyPassedDataUITests.swift in Sources */,
			);
			runOnlyForDeploymentPostprocessing = 0;
		};
/* End PBXSourcesBuildPhase section */

/* Begin PBXTargetDependency section */
		D02CD2BC1E21326A0078CE92 /* PBXTargetDependency */ = {
			isa = PBXTargetDependency;
			target = D02CD2A51E2132690078CE92 /* MyPassedData */;
			targetProxy = D02CD2BB1E21326A0078CE92 /* PBXContainerItemProxy */;
		};
		D02CD2C71E21326A0078CE92 /* PBXTargetDependency */ = {
			isa = PBXTargetDependency;
			target = D02CD2A51E2132690078CE92 /* MyPassedData */;
			targetProxy = D02CD2C61E21326A0078CE92 /* PBXContainerItemProxy */;
		};
/* End PBXTargetDependency section */

/* Begin PBXVariantGroup section */
		D02CD2AD1E21326A0078CE92 /* Main.storyboard */ = {
			isa = PBXVariantGroup;
			children = (
				D02CD2AE1E21326A0078CE92 /* Base */,
			);
			name = Main.storyboard;
			sourceTree = "<group>";
		};
		D02CD2B21E21326A0078CE92 /* LaunchScreen.storyboard */ = {
			isa = PBXVariantGroup;
			children = (
				D02CD2B31E21326A0078CE92 /* Base */,
			);
			name = LaunchScreen.storyboard;
			sourceTree = "<group>";
		};
/* End PBXVariantGroup section */

/* Begin XCBuildConfiguration section */
		D02CD2CC1E21326A0078CE92 /* Debug */ = {
			isa = XCBuildConfiguration;
			buildSettings = {
				ALWAYS_SEARCH_USER_PATHS = NO;
				CLANG_ANALYZER_NONNULL = YES;
				CLANG_CXX_LANGUAGE_STANDARD = "gnu++0x";
				CLANG_CXX_LIBRARY = "libc++";
				CLANG_ENABLE_MODULES = YES;
				CLANG_ENABLE_OBJC_ARC = YES;
				CLANG_WARN_BOOL_CONVERSION = YES;
				CLANG_WARN_CONSTANT_CONVERSION = YES;
				CLANG_WARN_DIRECT_OBJC_ISA_USAGE = YES_ERROR;
				CLANG_WARN_DOCUMENTATION_COMMENTS = YES;
				CLANG_WARN_EMPTY_BODY = YES;
				CLANG_WARN_ENUM_CONVERSION = YES;
				CLANG_WARN_INFINITE_RECURSION = YES;
				CLANG_WARN_INT_CONVERSION = YES;
				CLANG_WARN_OBJC_ROOT_CLASS = YES_ERROR;
				CLANG_WARN_SUSPICIOUS_MOVES = YES;
				CLANG_WARN_UNREACHABLE_CODE = YES;
				CLANG_WARN__DUPLICATE_METHOD_MATCH = YES;
				"CODE_SIGN_IDENTITY[sdk=iphoneos*]" = "iPhone Developer";
				COPY_PHASE_STRIP = NO;
				DEBUG_INFORMATION_FORMAT = dwarf;
				ENABLE_STRICT_OBJC_MSGSEND = YES;
				ENABLE_TESTABILITY = YES;
				GCC_C_LANGUAGE_STANDARD = gnu99;
				GCC_DYNAMIC_NO_PIC = NO;
				GCC_NO_COMMON_BLOCKS = YES;
				GCC_OPTIMIZATION_LEVEL = 0;
				GCC_PREPROCESSOR_DEFINITIONS = (
					"DEBUG=1",
					"$(inherited)",
				);
				GCC_WARN_64_TO_32_BIT_CONVERSION = YES;
				GCC_WARN_ABOUT_RETURN_TYPE = YES_ERROR;
				GCC_WARN_UNDECLARED_SELECTOR = YES;
				GCC_WARN_UNINITIALIZED_AUTOS = YES_AGGRESSIVE;
				GCC_WARN_UNUSED_FUNCTION = YES;
				GCC_WARN_UNUSED_VARIABLE = YES;
				IPHONEOS_DEPLOYMENT_TARGET = 10.1;
				MTL_ENABLE_DEBUG_INFO = YES;
				ONLY_ACTIVE_ARCH = YES;
				SDKROOT = iphoneos;
				SWIFT_ACTIVE_COMPILATION_CONDITIONS = DEBUG;
				SWIFT_OPTIMIZATION_LEVEL = "-Onone";
			};
			name = Debug;
		};
		D02CD2CD1E21326A0078CE92 /* Release */ = {
			isa = XCBuildConfiguration;
			buildSettings = {
				ALWAYS_SEARCH_USER_PATHS = NO;
				CLANG_ANALYZER_NONNULL = YES;
				CLANG_CXX_LANGUAGE_STANDARD = "gnu++0x";
				CLANG_CXX_LIBRARY = "libc++";
				CLANG_ENABLE_MODULES = YES;
				CLANG_ENABLE_OBJC_ARC = YES;
				CLANG_WARN_BOOL_CONVERSION = YES;
				CLANG_WARN_CONSTANT_CONVERSION = YES;
				CLANG_WARN_DIRECT_OBJC_ISA_USAGE = YES_ERROR;
				CLANG_WARN_DOCUMENTATION_COMMENTS = YES;
				CLANG_WARN_EMPTY_BODY = YES;
				CLANG_WARN_ENUM_CONVERSION = YES;
				CLANG_WARN_INFINITE_RECURSION = YES;
				CLANG_WARN_INT_CONVERSION = YES;
				CLANG_WARN_OBJC_ROOT_CLASS = YES_ERROR;
				CLANG_WARN_SUSPICIOUS_MOVES = YES;
				CLANG_WARN_UNREACHABLE_CODE = YES;
				CLANG_WARN__DUPLICATE_METHOD_MATCH = YES;
				"CODE_SIGN_IDENTITY[sdk=iphoneos*]" = "iPhone Developer";
				COPY_PHASE_STRIP = NO;
				DEBUG_INFORMATION_FORMAT = "dwarf-with-dsym";
				ENABLE_NS_ASSERTIONS = NO;
				ENABLE_STRICT_OBJC_MSGSEND = YES;
				GCC_C_LANGUAGE_STANDARD = gnu99;
				GCC_NO_COMMON_BLOCKS = YES;
				GCC_WARN_64_TO_32_BIT_CONVERSION = YES;
				GCC_WARN_ABOUT_RETURN_TYPE = YES_ERROR;
				GCC_WARN_UNDECLARED_SELECTOR = YES;
				GCC_WARN_UNINITIALIZED_AUTOS = YES_AGGRESSIVE;
				GCC_WARN_UNUSED_FUNCTION = YES;
				GCC_WARN_UNUSED_VARIABLE = YES;
				IPHONEOS_DEPLOYMENT_TARGET = 10.1;
				MTL_ENABLE_DEBUG_INFO = NO;
				SDKROOT = iphoneos;
				SWIFT_OPTIMIZATION_LEVEL = "-Owholemodule";
				VALIDATE_PRODUCT = YES;
			};
			name = Release;
		};
		D02CD2CF1E21326A0078CE92 /* Debug */ = {
			isa = XCBuildConfiguration;
			buildSettings = {
				ASSETCATALOG_COMPILER_APPICON_NAME = AppIcon;
				INFOPLIST_FILE = MyPassedData/Info.plist;
				LD_RUNPATH_SEARCH_PATHS = "$(inherited) @executable_path/Frameworks";
				PRODUCT_BUNDLE_IDENTIFIER = com.cybertrendzinc.MyPassedData;
				PRODUCT_NAME = "$(TARGET_NAME)";
				SWIFT_VERSION = 3.0;
			};
			name = Debug;
		};
		D02CD2D01E21326A0078CE92 /* Release */ = {
			isa = XCBuildConfiguration;
			buildSettings = {
				ASSETCATALOG_COMPILER_APPICON_NAME = AppIcon;
				INFOPLIST_FILE = MyPassedData/Info.plist;
				LD_RUNPATH_SEARCH_PATHS = "$(inherited) @executable_path/Frameworks";
				PRODUCT_BUNDLE_IDENTIFIER = com.cybertrendzinc.MyPassedData;
				PRODUCT_NAME = "$(TARGET_NAME)";
				SWIFT_VERSION = 3.0;
			};
			name = Release;
		};
		D02CD2D21E21326A0078CE92 /* Debug */ = {
			isa = XCBuildConfiguration;
			buildSettings = {
				ALWAYS_EMBED_SWIFT_STANDARD_LIBRARIES = YES;
				BUNDLE_LOADER = "$(TEST_HOST)";
				INFOPLIST_FILE = MyPassedDataTests/Info.plist;
				LD_RUNPATH_SEARCH_PATHS = "$(inherited) @executable_path/Frameworks @loader_path/Frameworks";
				PRODUCT_BUNDLE_IDENTIFIER = com.cybertrendzinc.MyPassedDataTests;
				PRODUCT_NAME = "$(TARGET_NAME)";
				SWIFT_VERSION = 3.0;
				TEST_HOST = "$(BUILT_PRODUCTS_DIR)/MyPassedData.app/MyPassedData";
			};
			name = Debug;
		};
		D02CD2D31E21326A0078CE92 /* Release */ = {
			isa = XCBuildConfiguration;
			buildSettings = {
				ALWAYS_EMBED_SWIFT_STANDARD_LIBRARIES = YES;
				BUNDLE_LOADER = "$(TEST_HOST)";
				INFOPLIST_FILE = MyPassedDataTests/Info.plist;
				LD_RUNPATH_SEARCH_PATHS = "$(inherited) @executable_path/Frameworks @loader_path/Frameworks";
				PRODUCT_BUNDLE_IDENTIFIER = com.cybertrendzinc.MyPassedDataTests;
				PRODUCT_NAME = "$(TARGET_NAME)";
				SWIFT_VERSION = 3.0;
				TEST_HOST = "$(BUILT_PRODUCTS_DIR)/MyPassedData.app/MyPassedData";
			};
			name = Release;
		};
		D02CD2D51E21326A0078CE92 /* Debug */ = {
			isa = XCBuildConfiguration;
			buildSettings = {
				ALWAYS_EMBED_SWIFT_STANDARD_LIBRARIES = YES;
				INFOPLIST_FILE = MyPassedDataUITests/Info.plist;
				LD_RUNPATH_SEARCH_PATHS = "$(inherited) @executable_path/Frameworks @loader_path/Frameworks";
				PRODUCT_BUNDLE_IDENTIFIER = com.cybertrendzinc.MyPassedDataUITests;
				PRODUCT_NAME = "$(TARGET_NAME)";
				SWIFT_VERSION = 3.0;
				TEST_TARGET_NAME = MyPassedData;
			};
			name = Debug;
		};
		D02CD2D61E21326A0078CE92 /* Release */ = {
			isa = XCBuildConfiguration;
			buildSettings = {
				ALWAYS_EMBED_SWIFT_STANDARD_LIBRARIES = YES;
				INFOPLIST_FILE = MyPassedDataUITests/Info.plist;
				LD_RUNPATH_SEARCH_PATHS = "$(inherited) @executable_path/Frameworks @loader_path/Frameworks";
				PRODUCT_BUNDLE_IDENTIFIER = com.cybertrendzinc.MyPassedDataUITests;
				PRODUCT_NAME = "$(TARGET_NAME)";
				SWIFT_VERSION = 3.0;
				TEST_TARGET_NAME = MyPassedData;
			};
			name = Release;
		};
/* End XCBuildConfiguration section */

/* Begin XCConfigurationList section */
		D02CD2A11E2132690078CE92 /* Build configuration list for PBXProject "MyPassedData" */ = {
			isa = XCConfigurationList;
			buildConfigurations = (
				D02CD2CC1E21326A0078CE92 /* Debug */,
				D02CD2CD1E21326A0078CE92 /* Release */,
			);
			defaultConfigurationIsVisible = 0;
			defaultConfigurationName = Release;
		};
		D02CD2CE1E21326A0078CE92 /* Build configuration list for PBXNativeTarget "MyPassedData" */ = {
			isa = XCConfigurationList;
			buildConfigurations = (
				D02CD2CF1E21326A0078CE92 /* Debug */,
				D02CD2D01E21326A0078CE92 /* Release */,
			);
			defaultConfigurationIsVisible = 0;
		};
		D02CD2D11E21326A0078CE92 /* Build configuration list for PBXNativeTarget "MyPassedDataTests" */ = {
			isa = XCConfigurationList;
			buildConfigurations = (
				D02CD2D21E21326A0078CE92 /* Debug */,
				D02CD2D31E21326A0078CE92 /* Release */,
			);
			defaultConfigurationIsVisible = 0;
		};
		D02CD2D41E21326A0078CE92 /* Build configuration list for PBXNativeTarget "MyPassedDataUITests" */ = {
			isa = XCConfigurationList;
			buildConfigurations = (
				D02CD2D51E21326A0078CE92 /* Debug */,
				D02CD2D61E21326A0078CE92 /* Release */,
			);
			defaultConfigurationIsVisible = 0;
		};
/* End XCConfigurationList section */
	};
	rootObject = D02CD29E1E2132690078CE92 /* Project object */;
}
